
Microsoft Visual Studio Solution File, Format Version 12.00
Project("{FAE04EC0-301F-11D3-BF4B-00C04F79EFBC}") = "Windmill", "Windmill.csproj", "{69F2D676-4BF8-48AB-8E30-17BB6F43AA75}"
EndProject
Global
	GlobalSection(SolutionConfigurationPlatforms) = preSolution
		Debug|Any CPU = Debug|Any CPU
		Release|Any CPU = Release|Any CPU
	EndGlobalSection
	GlobalSection(ProjectConfigurationPlatforms) = postSolution
		{69F2D676-4BF8-48AB-8E30-17BB6F43AA75}.Debug|Any CPU.ActiveCfg = Debug|Any CPU
		{69F2D676-4BF8-48AB-8E30-17BB6F43AA75}.Debug|Any CPU.Build.0 = Debug|Any CPU
		{69F2D676-4BF8-48AB-8E30-17BB6F43AA75}.Release|Any CPU.ActiveCfg = Release|Any CPU
		{69F2D676-4BF8-48AB-8E30-17BB6F43AA75}.Release|Any CPU.Build.0 = Release|Any CPU
	EndGlobalSection
EndGlobal
